// !$*UTF8*$!
{
	archiveVersion = 1;
	classes = {
	};
	objectVersion = 50;
	objects = {

/* Begin PBXBuildFile section */
		6A86947C220404D000702ED6 /* AppDelegate.swift in Sources */ = {isa = PBXBuildFile; fileRef = 6A86947B220404D000702ED6 /* AppDelegate.swift */; };
		6A86947E220404D000702ED6 /* ViewController.swift in Sources */ = {isa = PBXBuildFile; fileRef = 6A86947D220404D000702ED6 /* ViewController.swift */; };
		6A869481220404D000702ED6 /* Main.storyboard in Resources */ = {isa = PBXBuildFile; fileRef = 6A86947F220404D000702ED6 /* Main.storyboard */; };
		6A869484220404D000702ED6 /* BlueEQ_Prototype.xcdatamodeld in Sources */ = {isa = PBXBuildFile; fileRef = 6A869482220404D000702ED6 /* BlueEQ_Prototype.xcdatamodeld */; };
		6A869486220404D200702ED6 /* Assets.xcassets in Resources */ = {isa = PBXBuildFile; fileRef = 6A869485220404D200702ED6 /* Assets.xcassets */; };
		6A869489220404D200702ED6 /* LaunchScreen.storyboard in Resources */ = {isa = PBXBuildFile; fileRef = 6A869487220404D200702ED6 /* LaunchScreen.storyboard */; };
		6A869494220404D200702ED6 /* BlueEQ_PrototypeTests.swift in Sources */ = {isa = PBXBuildFile; fileRef = 6A869493220404D200702ED6 /* BlueEQ_PrototypeTests.swift */; };
		6A86949F220404D200702ED6 /* BlueEQ_PrototypeUITests.swift in Sources */ = {isa = PBXBuildFile; fileRef = 6A86949E220404D200702ED6 /* BlueEQ_PrototypeUITests.swift */; };
/* End PBXBuildFile section */

/* Begin PBXContainerItemProxy section */
		6A869490220404D200702ED6 /* PBXContainerItemProxy */ = {
			isa = PBXContainerItemProxy;
			containerPortal = 6A869470220404D000702ED6 /* Project object */;
			proxyType = 1;
			remoteGlobalIDString = 6A869477220404D000702ED6;
			remoteInfo = "BlueEQ Prototype";
		};
		6A86949B220404D200702ED6 /* PBXContainerItemProxy */ = {
			isa = PBXContainerItemProxy;
			containerPortal = 6A869470220404D000702ED6 /* Project object */;
			proxyType = 1;
			remoteGlobalIDString = 6A869477220404D000702ED6;
			remoteInfo = "BlueEQ Prototype";
		};
/* End PBXContainerItemProxy section */

/* Begin PBXFileReference section */
		6A869478220404D000702ED6 /* BlueEQ Prototype.app */ = {isa = PBXFileReference; explicitFileType = wrapper.application; includeInIndex = 0; path = "BlueEQ Prototype.app"; sourceTree = BUILT_PRODUCTS_DIR; };
		6A86947B220404D000702ED6 /* AppDelegate.swift */ = {isa = PBXFileReference; lastKnownFileType = sourcecode.swift; path = AppDelegate.swift; sourceTree = "<group>"; };
		6A86947D220404D000702ED6 /* ViewController.swift */ = {isa = PBXFileReference; lastKnownFileType = sourcecode.swift; path = ViewController.swift; sourceTree = "<group>"; };
		6A869480220404D000702ED6 /* Base */ = {isa = PBXFileReference; lastKnownFileType = file.storyboard; name = Base; path = Base.lproj/Main.storyboard; sourceTree = "<group>"; };
		6A869483220404D000702ED6 /* BlueEQ_Prototype.xcdatamodel */ = {isa = PBXFileReference; lastKnownFileType = wrapper.xcdatamodel; path = BlueEQ_Prototype.xcdatamodel; sourceTree = "<group>"; };
		6A869485220404D200702ED6 /* Assets.xcassets */ = {isa = PBXFileReference; lastKnownFileType = folder.assetcatalog; path = Assets.xcassets; sourceTree = "<group>"; };
		6A869488220404D200702ED6 /* Base */ = {isa = PBXFileReference; lastKnownFileType = file.storyboard; name = Base; path = Base.lproj/LaunchScreen.storyboard; sourceTree = "<group>"; };
		6A86948A220404D200702ED6 /* Info.plist */ = {isa = PBXFileReference; lastKnownFileType = text.plist.xml; path = Info.plist; sourceTree = "<group>"; };
		6A86948F220404D200702ED6 /* BlueEQ PrototypeTests.xctest */ = {isa = PBXFileReference; explicitFileType = wrapper.cfbundle; includeInIndex = 0; path = "BlueEQ PrototypeTests.xctest"; sourceTree = BUILT_PRODUCTS_DIR; };
		6A869493220404D200702ED6 /* BlueEQ_PrototypeTests.swift */ = {isa = PBXFileReference; lastKnownFileType = sourcecode.swift; path = BlueEQ_PrototypeTests.swift; sourceTree = "<group>"; };
		6A869495220404D200702ED6 /* Info.plist */ = {isa = PBXFileReference; lastKnownFileType = text.plist.xml; path = Info.plist; sourceTree = "<group>"; };
		6A86949A220404D200702ED6 /* BlueEQ PrototypeUITests.xctest */ = {isa = PBXFileReference; explicitFileType = wrapper.cfbundle; includeInIndex = 0; path = "BlueEQ PrototypeUITests.xctest"; sourceTree = BUILT_PRODUCTS_DIR; };
		6A86949E220404D200702ED6 /* BlueEQ_PrototypeUITests.swift */ = {isa = PBXFileReference; lastKnownFileType = sourcecode.swift; path = BlueEQ_PrototypeUITests.swift; sourceTree = "<group>"; };
		6A8694A0220404D200702ED6 /* Info.plist */ = {isa = PBXFileReference; lastKnownFileType = text.plist.xml; path = Info.plist; sourceTree = "<group>"; };
/* End PBXFileReference section */

/* Begin PBXFrameworksBuildPhase section */
		6A869475220404D000702ED6 /* Frameworks */ = {
			isa = PBXFrameworksBuildPhase;
			buildActionMask = 2147483647;
			files = (
			);
			runOnlyForDeploymentPostprocessing = 0;
		};
		6A86948C220404D200702ED6 /* Frameworks */ = {
			isa = PBXFrameworksBuildPhase;
			buildActionMask = 2147483647;
			files = (
			);
			runOnlyForDeploymentPostprocessing = 0;
		};
		6A869497220404D200702ED6 /* Frameworks */ = {
			isa = PBXFrameworksBuildPhase;
			buildActionMask = 2147483647;
			files = (
			);
			runOnlyForDeploymentPostprocessing = 0;
		};
/* End PBXFrameworksBuildPhase section */

/* Begin PBXGroup section */
		6A86946F220404D000702ED6 = {
			isa = PBXGroup;
			children = (
				6A86947A220404D000702ED6 /* BlueEQ Prototype */,
				6A869492220404D200702ED6 /* BlueEQ PrototypeTests */,
				6A86949D220404D200702ED6 /* BlueEQ PrototypeUITests */,
				6A869479220404D000702ED6 /* Products */,
			);
			sourceTree = "<group>";
		};
		6A869479220404D000702ED6 /* Products */ = {
			isa = PBXGroup;
			children = (
				6A869478220404D000702ED6 /* BlueEQ Prototype.app */,
				6A86948F220404D200702ED6 /* BlueEQ PrototypeTests.xctest */,
				6A86949A220404D200702ED6 /* BlueEQ PrototypeUITests.xctest */,
			);
			name = Products;
			sourceTree = "<group>";
		};
		6A86947A220404D000702ED6 /* BlueEQ Prototype */ = {
			isa = PBXGroup;
			children = (
				6AC440D9220E678F00D9D0EC /* Controller */,
				6AC440D8220E678900D9D0EC /* Model */,
				6AC440D7220E677100D9D0EC /* View */,
				6A86947B220404D000702ED6 /* AppDelegate.swift */,
				6A86947D220404D000702ED6 /* ViewController.swift */,
				6A869485220404D200702ED6 /* Assets.xcassets */,
				6A869487220404D200702ED6 /* LaunchScreen.storyboard */,
				6A86948A220404D200702ED6 /* Info.plist */,
				6A869482220404D000702ED6 /* BlueEQ_Prototype.xcdatamodeld */,
			);
			path = "BlueEQ Prototype";
			sourceTree = "<group>";
		};
		6A869492220404D200702ED6 /* BlueEQ PrototypeTests */ = {
			isa = PBXGroup;
			children = (
				6A869493220404D200702ED6 /* BlueEQ_PrototypeTests.swift */,
				6A869495220404D200702ED6 /* Info.plist */,
			);
			path = "BlueEQ PrototypeTests";
			sourceTree = "<group>";
		};
		6A86949D220404D200702ED6 /* BlueEQ PrototypeUITests */ = {
			isa = PBXGroup;
			children = (
				6A86949E220404D200702ED6 /* BlueEQ_PrototypeUITests.swift */,
				6A8694A0220404D200702ED6 /* Info.plist */,
			);
			path = "BlueEQ PrototypeUITests";
			sourceTree = "<group>";
		};
		6AC440D7220E677100D9D0EC /* View */ = {
			isa = PBXGroup;
			children = (
				6A86947F220404D000702ED6 /* Main.storyboard */,
			);
			path = View;
			sourceTree = "<group>";
		};
		6AC440D8220E678900D9D0EC /* Model */ = {
			isa = PBXGroup;
			children = (
			);
			path = Model;
			sourceTree = "<group>";
		};
		6AC440D9220E678F00D9D0EC /* Controller */ = {
			isa = PBXGroup;
			children = (
			);
			path = Controller;
			sourceTree = "<group>";
		};
/* End PBXGroup section */

/* Begin PBXNativeTarget section */
		6A869477220404D000702ED6 /* BlueEQ Prototype */ = {
			isa = PBXNativeTarget;
			buildConfigurationList = 6A8694A3220404D200702ED6 /* Build configuration list for PBXNativeTarget "BlueEQ Prototype" */;
			buildPhases = (
				6A869474220404D000702ED6 /* Sources */,
				6A869475220404D000702ED6 /* Frameworks */,
				6A869476220404D000702ED6 /* Resources */,
			);
			buildRules = (
			);
			dependencies = (
			);
			name = "BlueEQ Prototype";
			productName = "BlueEQ Prototype";
			productReference = 6A869478220404D000702ED6 /* BlueEQ Prototype.app */;
			productType = "com.apple.product-type.application";
		};
		6A86948E220404D200702ED6 /* BlueEQ PrototypeTests */ = {
			isa = PBXNativeTarget;
			buildConfigurationList = 6A8694A6220404D200702ED6 /* Build configuration list for PBXNativeTarget "BlueEQ PrototypeTests" */;
			buildPhases = (
				6A86948B220404D200702ED6 /* Sources */,
				6A86948C220404D200702ED6 /* Frameworks */,
				6A86948D220404D200702ED6 /* Resources */,
			);
			buildRules = (
			);
			dependencies = (
				6A869491220404D200702ED6 /* PBXTargetDependency */,
			);
			name = "BlueEQ PrototypeTests";
			productName = "BlueEQ PrototypeTests";
			productReference = 6A86948F220404D200702ED6 /* BlueEQ PrototypeTests.xctest */;
			productType = "com.apple.product-type.bundle.unit-test";
		};
		6A869499220404D200702ED6 /* BlueEQ PrototypeUITests */ = {
			isa = PBXNativeTarget;
			buildConfigurationList = 6A8694A9220404D200702ED6 /* Build configuration list for PBXNativeTarget "BlueEQ PrototypeUITests" */;
			buildPhases = (
				6A869496220404D200702ED6 /* Sources */,
				6A869497220404D200702ED6 /* Frameworks */,
				6A869498220404D200702ED6 /* Resources */,
			);
			buildRules = (
			);
			dependencies = (
				6A86949C220404D200702ED6 /* PBXTargetDependency */,
			);
			name = "BlueEQ PrototypeUITests";
			productName = "BlueEQ PrototypeUITests";
			productReference = 6A86949A220404D200702ED6 /* BlueEQ PrototypeUITests.xctest */;
			productType = "com.apple.product-type.bundle.ui-testing";
		};
/* End PBXNativeTarget section */

/* Begin PBXProject section */
		6A869470220404D000702ED6 /* Project object */ = {
			isa = PBXProject;
			attributes = {
				LastSwiftUpdateCheck = 1010;
				LastUpgradeCheck = 1010;
				ORGANIZATIONNAME = "Alexander Gillie";
				TargetAttributes = {
					6A869477220404D000702ED6 = {
						CreatedOnToolsVersion = 10.1;
					};
					6A86948E220404D200702ED6 = {
						CreatedOnToolsVersion = 10.1;
						TestTargetID = 6A869477220404D000702ED6;
					};
					6A869499220404D200702ED6 = {
						CreatedOnToolsVersion = 10.1;
						TestTargetID = 6A869477220404D000702ED6;
					};
				};
			};
			buildConfigurationList = 6A869473220404D000702ED6 /* Build configuration list for PBXProject "BlueEQ Prototype" */;
			compatibilityVersion = "Xcode 9.3";
			developmentRegion = en;
			hasScannedForEncodings = 0;
			knownRegions = (
				en,
				Base,
			);
			mainGroup = 6A86946F220404D000702ED6;
			productRefGroup = 6A869479220404D000702ED6 /* Products */;
			projectDirPath = "";
			projectRoot = "";
			targets = (
				6A869477220404D000702ED6 /* BlueEQ Prototype */,
				6A86948E220404D200702ED6 /* BlueEQ PrototypeTests */,
				6A869499220404D200702ED6 /* BlueEQ PrototypeUITests */,
			);
		};
/* End PBXProject section */

/* Begin PBXResourcesBuildPhase section */
		6A869476220404D000702ED6 /* Resources */ = {
			isa = PBXResourcesBuildPhase;
			buildActionMask = 2147483647;
			files = (
				6A869489220404D200702ED6 /* LaunchScreen.storyboard in Resources */,
				6A869486220404D200702ED6 /* Assets.xcassets in Resources */,
				6A869481220404D000702ED6 /* Main.storyboard in Resources */,
			);
			runOnlyForDeploymentPostprocessing = 0;
		};
		6A86948D220404D200702ED6 /* Resources */ = {
			isa = PBXResourcesBuildPhase;
			buildActionMask = 2147483647;
			files = (
			);
			runOnlyForDeploymentPostprocessing = 0;
		};
		6A869498220404D200702ED6 /* Resources */ = {
			isa = PBXResourcesBuildPhase;
			buildActionMask = 2147483647;
			files = (
			);
			runOnlyForDeploymentPostprocessing = 0;
		};
/* End PBXResourcesBuildPhase section */

/* Begin PBXSourcesBuildPhase section */
		6A869474220404D000702ED6 /* Sources */ = {
			isa = PBXSourcesBuildPhase;
			buildActionMask = 2147483647;
			files = (
				6A869484220404D000702ED6 /* BlueEQ_Prototype.xcdatamodeld in Sources */,
				6A86947E220404D000702ED6 /* ViewController.swift in Sources */,
				6A86947C220404D000702ED6 /* AppDelegate.swift in Sources */,
			);
			runOnlyForDeploymentPostprocessing = 0;
		};
		6A86948B220404D200702ED6 /* Sources */ = {
			isa = PBXSourcesBuildPhase;
			buildActionMask = 2147483647;
			files = (
				6A869494220404D200702ED6 /* BlueEQ_PrototypeTests.swift in Sources */,
			);
			runOnlyForDeploymentPostprocessing = 0;
		};
		6A869496220404D200702ED6 /* Sources */ = {
			isa = PBXSourcesBuildPhase;
			buildActionMask = 2147483647;
			files = (
				6A86949F220404D200702ED6 /* BlueEQ_PrototypeUITests.swift in Sources */,
			);
			runOnlyForDeploymentPostprocessing = 0;
		};
/* End PBXSourcesBuildPhase section */

/* Begin PBXTargetDependency section */
		6A869491220404D200702ED6 /* PBXTargetDependency */ = {
			isa = PBXTargetDependency;
			target = 6A869477220404D000702ED6 /* BlueEQ Prototype */;
			targetProxy = 6A869490220404D200702ED6 /* PBXContainerItemProxy */;
		};
		6A86949C220404D200702ED6 /* PBXTargetDependency */ = {
			isa = PBXTargetDependency;
			target = 6A869477220404D000702ED6 /* BlueEQ Prototype */;
			targetProxy = 6A86949B220404D200702ED6 /* PBXContainerItemProxy */;
		};
/* End PBXTargetDependency section */

/* Begin PBXVariantGroup section */
		6A86947F220404D000702ED6 /* Main.storyboard */ = {
			isa = PBXVariantGroup;
			children = (
				6A869480220404D000702ED6 /* Base */,
			);
			name = Main.storyboard;
			sourceTree = "<group>";
		};
		6A869487220404D200702ED6 /* LaunchScreen.storyboard */ = {
			isa = PBXVariantGroup;
			children = (
				6A869488220404D200702ED6 /* Base */,
			);
			name = LaunchScreen.storyboard;
			sourceTree = "<group>";
		};
/* End PBXVariantGroup section */

/* Begin XCBuildConfiguration section */
		6A8694A1220404D200702ED6 /* Debug */ = {
			isa = XCBuildConfiguration;
			buildSettings = {
				ALWAYS_SEARCH_USER_PATHS = NO;
				CLANG_ANALYZER_NONNULL = YES;
				CLANG_ANALYZER_NUMBER_OBJECT_CONVERSION = YES_AGGRESSIVE;
				CLANG_CXX_LANGUAGE_STANDARD = "gnu++14";
				CLANG_CXX_LIBRARY = "libc++";
				CLANG_ENABLE_MODULES = YES;
				CLANG_ENABLE_OBJC_ARC = YES;
				CLANG_ENABLE_OBJC_WEAK = YES;
				CLANG_WARN_BLOCK_CAPTURE_AUTORELEASING = YES;
				CLANG_WARN_BOOL_CONVERSION = YES;
				CLANG_WARN_COMMA = YES;
				CLANG_WARN_CONSTANT_CONVERSION = YES;
				CLANG_WARN_DEPRECATED_OBJC_IMPLEMENTATIONS = YES;
				CLANG_WARN_DIRECT_OBJC_ISA_USAGE = YES_ERROR;
				CLANG_WARN_DOCUMENTATION_COMMENTS = YES;
				CLANG_WARN_EMPTY_BODY = YES;
				CLANG_WARN_ENUM_CONVERSION = YES;
				CLANG_WARN_INFINITE_RECURSION = YES;
				CLANG_WARN_INT_CONVERSION = YES;
				CLANG_WARN_NON_LITERAL_NULL_CONVERSION = YES;
				CLANG_WARN_OBJC_IMPLICIT_RETAIN_SELF = YES;
				CLANG_WARN_OBJC_LITERAL_CONVERSION = YES;
				CLANG_WARN_OBJC_ROOT_CLASS = YES_ERROR;
				CLANG_WARN_RANGE_LOOP_ANALYSIS = YES;
				CLANG_WARN_STRICT_PROTOTYPES = YES;
				CLANG_WARN_SUSPICIOUS_MOVE = YES;
				CLANG_WARN_UNGUARDED_AVAILABILITY = YES_AGGRESSIVE;
				CLANG_WARN_UNREACHABLE_CODE = YES;
				CLANG_WARN__DUPLICATE_METHOD_MATCH = YES;
				CODE_SIGN_IDENTITY = "iPhone Developer";
				COPY_PHASE_STRIP = NO;
				DEBUG_INFORMATION_FORMAT = dwarf;
				ENABLE_STRICT_OBJC_MSGSEND = YES;
				ENABLE_TESTABILITY = YES;
				GCC_C_LANGUAGE_STANDARD = gnu11;
				GCC_DYNAMIC_NO_PIC = NO;
				GCC_NO_COMMON_BLOCKS = YES;
				GCC_OPTIMIZATION_LEVEL = 0;
				GCC_PREPROCESSOR_DEFINITIONS = (
					"DEBUG=1",
					"$(inherited)",
				);
				GCC_WARN_64_TO_32_BIT_CONVERSION = YES;
				GCC_WARN_ABOUT_RETURN_TYPE = YES_ERROR;
				GCC_WARN_UNDECLARED_SELECTOR = YES;
				GCC_WARN_UNINITIALIZED_AUTOS = YES_AGGRESSIVE;
				GCC_WARN_UNUSED_FUNCTION = YES;
				GCC_WARN_UNUSED_VARIABLE = YES;
				IPHONEOS_DEPLOYMENT_TARGET = 12.1;
				MTL_ENABLE_DEBUG_INFO = INCLUDE_SOURCE;
				MTL_FAST_MATH = YES;
				ONLY_ACTIVE_ARCH = YES;
				SDKROOT = iphoneos;
				SWIFT_ACTIVE_COMPILATION_CONDITIONS = DEBUG;
				SWIFT_OPTIMIZATION_LEVEL = "-Onone";
			};
			name = Debug;
		};
		6A8694A2220404D200702ED6 /* Release */ = {
			isa = XCBuildConfiguration;
			buildSettings = {
				ALWAYS_SEARCH_USER_PATHS = NO;
				CLANG_ANALYZER_NONNULL = YES;
				CLANG_ANALYZER_NUMBER_OBJECT_CONVERSION = YES_AGGRESSIVE;
				CLANG_CXX_LANGUAGE_STANDARD = "gnu++14";
				CLANG_CXX_LIBRARY = "libc++";
				CLANG_ENABLE_MODULES = YES;
				CLANG_ENABLE_OBJC_ARC = YES;
				CLANG_ENABLE_OBJC_WEAK = YES;
				CLANG_WARN_BLOCK_CAPTURE_AUTORELEASING = YES;
				CLANG_WARN_BOOL_CONVERSION = YES;
				CLANG_WARN_COMMA = YES;
				CLANG_WARN_CONSTANT_CONVERSION = YES;
				CLANG_WARN_DEPRECATED_OBJC_IMPLEMENTATIONS = YES;
				CLANG_WARN_DIRECT_OBJC_ISA_USAGE = YES_ERROR;
				CLANG_WARN_DOCUMENTATION_COMMENTS = YES;
				CLANG_WARN_EMPTY_BODY = YES;
				CLANG_WARN_ENUM_CONVERSION = YES;
				CLANG_WARN_INFINITE_RECURSION = YES;
				CLANG_WARN_INT_CONVERSION = YES;
				CLANG_WARN_NON_LITERAL_NULL_CONVERSION = YES;
				CLANG_WARN_OBJC_IMPLICIT_RETAIN_SELF = YES;
				CLANG_WARN_OBJC_LITERAL_CONVERSION = YES;
				CLANG_WARN_OBJC_ROOT_CLASS = YES_ERROR;
				CLANG_WARN_RANGE_LOOP_ANALYSIS = YES;
				CLANG_WARN_STRICT_PROTOTYPES = YES;
				CLANG_WARN_SUSPICIOUS_MOVE = YES;
				CLANG_WARN_UNGUARDED_AVAILABILITY = YES_AGGRESSIVE;
				CLANG_WARN_UNREACHABLE_CODE = YES;
				CLANG_WARN__DUPLICATE_METHOD_MATCH = YES;
				CODE_SIGN_IDENTITY = "iPhone Developer";
				COPY_PHASE_STRIP = NO;
				DEBUG_INFORMATION_FORMAT = "dwarf-with-dsym";
				ENABLE_NS_ASSERTIONS = NO;
				ENABLE_STRICT_OBJC_MSGSEND = YES;
				GCC_C_LANGUAGE_STANDARD = gnu11;
				GCC_NO_COMMON_BLOCKS = YES;
				GCC_WARN_64_TO_32_BIT_CONVERSION = YES;
				GCC_WARN_ABOUT_RETURN_TYPE = YES_ERROR;
				GCC_WARN_UNDECLARED_SELECTOR = YES;
				GCC_WARN_UNINITIALIZED_AUTOS = YES_AGGRESSIVE;
				GCC_WARN_UNUSED_FUNCTION = YES;
				GCC_WARN_UNUSED_VARIABLE = YES;
				IPHONEOS_DEPLOYMENT_TARGET = 12.1;
				MTL_ENABLE_DEBUG_INFO = NO;
				MTL_FAST_MATH = YES;
				SDKROOT = iphoneos;
				SWIFT_COMPILATION_MODE = wholemodule;
				SWIFT_OPTIMIZATION_LEVEL = "-O";
				VALIDATE_PRODUCT = YES;
			};
			name = Release;
		};
		6A8694A4220404D200702ED6 /* Debug */ = {
			isa = XCBuildConfiguration;
			buildSettings = {
				ASSETCATALOG_COMPILER_APPICON_NAME = AppIcon;
				CODE_SIGN_STYLE = Automatic;
				DEVELOPMENT_TEAM = D58BY2VURW;
				INFOPLIST_FILE = "BlueEQ Prototype/Info.plist";
				LD_RUNPATH_SEARCH_PATHS = (
					"$(inherited)",
					"@executable_path/Frameworks",
				);
				PRODUCT_BUNDLE_IDENTIFIER = "gillie.BlueEQ-Prototype";
				PRODUCT_NAME = "$(TARGET_NAME)";
				SWIFT_VERSION = 4.2;
				TARGETED_DEVICE_FAMILY = "1,2";
			};
			name = Debug;
		};
		6A8694A5220404D200702ED6 /* Release */ = {
			isa = XCBuildConfiguration;
			buildSettings = {
				ASSETCATALOG_COMPILER_APPICON_NAME = AppIcon;
				CODE_SIGN_STYLE = Automatic;
				DEVELOPMENT_TEAM = D58BY2VURW;
				INFOPLIST_FILE = "BlueEQ Prototype/Info.plist";
				LD_RUNPATH_SEARCH_PATHS = (
					"$(inherited)",
					"@executable_path/Frameworks",
				);
				PRODUCT_BUNDLE_IDENTIFIER = "gillie.BlueEQ-Prototype";
				PRODUCT_NAME = "$(TARGET_NAME)";
				SWIFT_VERSION = 4.2;
				TARGETED_DEVICE_FAMILY = "1,2";
			};
			name = Release;
		};
		6A8694A7220404D200702ED6 /* Debug */ = {
			isa = XCBuildConfiguration;
			buildSettings = {
				ALWAYS_EMBED_SWIFT_STANDARD_LIBRARIES = YES;
				BUNDLE_LOADER = "$(TEST_HOST)";
				CODE_SIGN_STYLE = Automatic;
				DEVELOPMENT_TEAM = D58BY2VURW;
				INFOPLIST_FILE = "BlueEQ PrototypeTests/Info.plist";
				LD_RUNPATH_SEARCH_PATHS = (
					"$(inherited)",
					"@executable_path/Frameworks",
					"@loader_path/Frameworks",
				);
				PRODUCT_BUNDLE_IDENTIFIER = "gillie.BlueEQ-PrototypeTests";
				PRODUCT_NAME = "$(TARGET_NAME)";
				SWIFT_VERSION = 4.2;
				TARGETED_DEVICE_FAMILY = "1,2";
				TEST_HOST = "$(BUILT_PRODUCTS_DIR)/BlueEQ Prototype.app/BlueEQ Prototype";
			};
			name = Debug;
		};
		6A8694A8220404D200702ED6 /* Release */ = {
			isa = XCBuildConfiguration;
			buildSettings = {
				ALWAYS_EMBED_SWIFT_STANDARD_LIBRARIES = YES;
				BUNDLE_LOADER = "$(TEST_HOST)";
				CODE_SIGN_STYLE = Automatic;
				DEVELOPMENT_TEAM = D58BY2VURW;
				INFOPLIST_FILE = "BlueEQ PrototypeTests/Info.plist";
				LD_RUNPATH_SEARCH_PATHS = (
					"$(inherited)",
					"@executable_path/Frameworks",
					"@loader_path/Frameworks",
				);
				PRODUCT_BUNDLE_IDENTIFIER = "gillie.BlueEQ-PrototypeTests";
				PRODUCT_NAME = "$(TARGET_NAME)";
				SWIFT_VERSION = 4.2;
				TARGETED_DEVICE_FAMILY = "1,2";
				TEST_HOST = "$(BUILT_PRODUCTS_DIR)/BlueEQ Prototype.app/BlueEQ Prototype";
			};
			name = Release;
		};
		6A8694AA220404D200702ED6 /* Debug */ = {
			isa = XCBuildConfiguration;
			buildSettings = {
				ALWAYS_EMBED_SWIFT_STANDARD_LIBRARIES = YES;
				CODE_SIGN_STYLE = Automatic;
				DEVELOPMENT_TEAM = D58BY2VURW;
				INFOPLIST_FILE = "BlueEQ PrototypeUITests/Info.plist";
				LD_RUNPATH_SEARCH_PATHS = (
					"$(inherited)",
					"@executable_path/Frameworks",
					"@loader_path/Frameworks",
				);
				PRODUCT_BUNDLE_IDENTIFIER = "gillie.BlueEQ-PrototypeUITests";
				PRODUCT_NAME = "$(TARGET_NAME)";
				SWIFT_VERSION = 4.2;
				TARGETED_DEVICE_FAMILY = "1,2";
				TEST_TARGET_NAME = "BlueEQ Prototype";
			};
			name = Debug;
		};
		6A8694AB220404D200702ED6 /* Release */ = {
			isa = XCBuildConfiguration;
			buildSettings = {
				ALWAYS_EMBED_SWIFT_STANDARD_LIBRARIES = YES;
				CODE_SIGN_STYLE = Automatic;
				DEVELOPMENT_TEAM = D58BY2VURW;
				INFOPLIST_FILE = "BlueEQ PrototypeUITests/Info.plist";
				LD_RUNPATH_SEARCH_PATHS = (
					"$(inherited)",
					"@executable_path/Frameworks",
					"@loader_path/Frameworks",
				);
				PRODUCT_BUNDLE_IDENTIFIER = "gillie.BlueEQ-PrototypeUITests";
				PRODUCT_NAME = "$(TARGET_NAME)";
				SWIFT_VERSION = 4.2;
				TARGETED_DEVICE_FAMILY = "1,2";
				TEST_TARGET_NAME = "BlueEQ Prototype";
			};
			name = Release;
		};
/* End XCBuildConfiguration section */

/* Begin XCConfigurationList section */
		6A869473220404D000702ED6 /* Build configuration list for PBXProject "BlueEQ Prototype" */ = {
			isa = XCConfigurationList;
			buildConfigurations = (
				6A8694A1220404D200702ED6 /* Debug */,
				6A8694A2220404D200702ED6 /* Release */,
			);
			defaultConfigurationIsVisible = 0;
			defaultConfigurationName = Release;
		};
		6A8694A3220404D200702ED6 /* Build configuration list for PBXNativeTarget "BlueEQ Prototype" */ = {
			isa = XCConfigurationList;
			buildConfigurations = (
				6A8694A4220404D200702ED6 /* Debug */,
				6A8694A5220404D200702ED6 /* Release */,
			);
			defaultConfigurationIsVisible = 0;
			defaultConfigurationName = Release;
		};
		6A8694A6220404D200702ED6 /* Build configuration list for PBXNativeTarget "BlueEQ PrototypeTests" */ = {
			isa = XCConfigurationList;
			buildConfigurations = (
				6A8694A7220404D200702ED6 /* Debug */,
				6A8694A8220404D200702ED6 /* Release */,
			);
			defaultConfigurationIsVisible = 0;
			defaultConfigurationName = Release;
		};
		6A8694A9220404D200702ED6 /* Build configuration list for PBXNativeTarget "BlueEQ PrototypeUITests" */ = {
			isa = XCConfigurationList;
			buildConfigurations = (
				6A8694AA220404D200702ED6 /* Debug */,
				6A8694AB220404D200702ED6 /* Release */,
			);
			defaultConfigurationIsVisible = 0;
			defaultConfigurationName = Release;
		};
/* End XCConfigurationList section */

/* Begin XCVersionGroup section */
		6A869482220404D000702ED6 /* BlueEQ_Prototype.xcdatamodeld */ = {
			isa = XCVersionGroup;
			children = (
				6A869483220404D000702ED6 /* BlueEQ_Prototype.xcdatamodel */,
			);
			currentVersion = 6A869483220404D000702ED6 /* BlueEQ_Prototype.xcdatamodel */;
			path = BlueEQ_Prototype.xcdatamodeld;
			sourceTree = "<group>";
			versionGroupType = wrapper.xcdatamodel;
		};
/* End XCVersionGroup section */
	};
	rootObject = 6A869470220404D000702ED6 /* Project object */;
}
